
Microsoft Visual Studio Solution File, Format Version 12.00
# Visual Studio Version 17
VisualStudioVersion = 17.9.34622.214
MinimumVisualStudioVersion = 10.0.40219.1
Project("{FAE04EC0-301F-11D3-BF4B-00C04F79EFBC}") = "Form", "Form\Form.csproj", "{F54B4C46-40EE-49A2-8DC8-57FED4F76DE6}"
EndProject
Global
	GlobalSection(SolutionConfigurationPlatforms) = preSolution
		Debug|Any CPU = Debug|Any CPU
		Release|Any CPU = Release|Any CPU
	EndGlobalSection
	GlobalSection(ProjectConfigurationPlatforms) = postSolution
		{F54B4C46-40EE-49A2-8DC8-57FED4F76DE6}.Debug|Any CPU.ActiveCfg = Debug|Any CPU
		{F54B4C46-40EE-49A2-8DC8-57FED4F76DE6}.Debug|Any CPU.Build.0 = Debug|Any CPU
		{F54B4C46-40EE-49A2-8DC8-57FED4F76DE6}.Release|Any CPU.ActiveCfg = Release|Any CPU
		{F54B4C46-40EE-49A2-8DC8-57FED4F76DE6}.Release|Any CPU.Build.0 = Release|Any CPU
	EndGlobalSection
	GlobalSection(SolutionProperties) = preSolution
		HideSolutionNode = FALSE
	EndGlobalSection
	GlobalSection(ExtensibilityGlobals) = postSolution
		SolutionGuid = {2ABEE1AE-B536-489E-9A58-F985E6F27D6C}
	EndGlobalSection
EndGlobal
