
Microsoft Visual Studio Solution File, Format Version 12.00
# Visual Studio Version 17
VisualStudioVersion = 17.9.34622.214
MinimumVisualStudioVersion = 10.0.40219.1
Project("{FAE04EC0-301F-11D3-BF4B-00C04F79EFBC}") = "FirstMVCApp", "FirstMVCApp\FirstMVCApp.csproj", "{01B6830D-AA26-43FB-A9A0-B8F74DA4F1DA}"
EndProject
Global
	GlobalSection(SolutionConfigurationPlatforms) = preSolution
		Debug|Any CPU = Debug|Any CPU
		Release|Any CPU = Release|Any CPU
	EndGlobalSection
	GlobalSection(ProjectConfigurationPlatforms) = postSolution
		{01B6830D-AA26-43FB-A9A0-B8F74DA4F1DA}.Debug|Any CPU.ActiveCfg = Debug|Any CPU
		{01B6830D-AA26-43FB-A9A0-B8F74DA4F1DA}.Debug|Any CPU.Build.0 = Debug|Any CPU
		{01B6830D-AA26-43FB-A9A0-B8F74DA4F1DA}.Release|Any CPU.ActiveCfg = Release|Any CPU
		{01B6830D-AA26-43FB-A9A0-B8F74DA4F1DA}.Release|Any CPU.Build.0 = Release|Any CPU
	EndGlobalSection
	GlobalSection(SolutionProperties) = preSolution
		HideSolutionNode = FALSE
	EndGlobalSection
	GlobalSection(ExtensibilityGlobals) = postSolution
		SolutionGuid = {9FB50F2D-6AA9-4DA3-A1D3-71ABEFC85B62}
	EndGlobalSection
EndGlobal
